
Microsoft Visual Studio Solution File, Format Version 12.00
# Visual Studio Version 17
VisualStudioVersion = 17.10.34916.146
MinimumVisualStudioVersion = 10.0.40219.1
Project("{FAE04EC0-301F-11D3-BF4B-00C04F79EFBC}") = "form_follow.Client", "form_follow.Client\form_follow.Client.csproj", "{47CBD59D-03ED-4B03-BC0A-B0E9FE8780F6}"
EndProject
Global
	GlobalSection(SolutionConfigurationPlatforms) = preSolution
		Debug|Any CPU = Debug|Any CPU
		Release|Any CPU = Release|Any CPU
	EndGlobalSection
	GlobalSection(ProjectConfigurationPlatforms) = postSolution
		{47CBD59D-03ED-4B03-BC0A-B0E9FE8780F6}.Debug|Any CPU.ActiveCfg = Debug|Any CPU
		{47CBD59D-03ED-4B03-BC0A-B0E9FE8780F6}.Debug|Any CPU.Build.0 = Debug|Any CPU
		{47CBD59D-03ED-4B03-BC0A-B0E9FE8780F6}.Release|Any CPU.ActiveCfg = Release|Any CPU
		{47CBD59D-03ED-4B03-BC0A-B0E9FE8780F6}.Release|Any CPU.Build.0 = Release|Any CPU
	EndGlobalSection
	GlobalSection(SolutionProperties) = preSolution
		HideSolutionNode = FALSE
	EndGlobalSection
	GlobalSection(ExtensibilityGlobals) = postSolution
		SolutionGuid = {225238DD-D1BD-4188-9F8C-7D8FC7888E91}
	EndGlobalSection
EndGlobal
