
Microsoft Visual Studio Solution File, Format Version 12.00
# Visual Studio Version 17
VisualStudioVersion = 17.10.34916.146
MinimumVisualStudioVersion = 10.0.40219.1
Project("{FAE04EC0-301F-11D3-BF4B-00C04F79EFBC}") = "csr-windows.Client", "csr-windows.Client\csr-windows.Client.csproj", "{BC8D78BA-B39C-4F5A-B012-B9F7231B33A4}"
EndProject
Project("{FAE04EC0-301F-11D3-BF4B-00C04F79EFBC}") = "csr-windows.Resources", "csr-windows.Resources\csr-windows.Resources.csproj", "{764A7B2E-CF4C-4796-91B4-30E6A2A6ADC8}"
EndProject
Project("{FAE04EC0-301F-11D3-BF4B-00C04F79EFBC}") = "csr-windows.Domain", "csr-windows.Domain\csr-windows.Domain.csproj", "{B4F1C45E-CAFD-4AD4-B1F9-912866CBCAD7}"
EndProject
Global
	GlobalSection(SolutionConfigurationPlatforms) = preSolution
		Debug|Any CPU = Debug|Any CPU
		Release|Any CPU = Release|Any CPU
	EndGlobalSection
	GlobalSection(ProjectConfigurationPlatforms) = postSolution
		{BC8D78BA-B39C-4F5A-B012-B9F7231B33A4}.Debug|Any CPU.ActiveCfg = Debug|Any CPU
		{BC8D78BA-B39C-4F5A-B012-B9F7231B33A4}.Debug|Any CPU.Build.0 = Debug|Any CPU
		{BC8D78BA-B39C-4F5A-B012-B9F7231B33A4}.Release|Any CPU.ActiveCfg = Release|Any CPU
		{BC8D78BA-B39C-4F5A-B012-B9F7231B33A4}.Release|Any CPU.Build.0 = Release|Any CPU
		{764A7B2E-CF4C-4796-91B4-30E6A2A6ADC8}.Debug|Any CPU.ActiveCfg = Debug|Any CPU
		{764A7B2E-CF4C-4796-91B4-30E6A2A6ADC8}.Debug|Any CPU.Build.0 = Debug|Any CPU
		{764A7B2E-CF4C-4796-91B4-30E6A2A6ADC8}.Release|Any CPU.ActiveCfg = Release|Any CPU
		{764A7B2E-CF4C-4796-91B4-30E6A2A6ADC8}.Release|Any CPU.Build.0 = Release|Any CPU
		{B4F1C45E-CAFD-4AD4-B1F9-912866CBCAD7}.Debug|Any CPU.ActiveCfg = Debug|Any CPU
		{B4F1C45E-CAFD-4AD4-B1F9-912866CBCAD7}.Debug|Any CPU.Build.0 = Debug|Any CPU
		{B4F1C45E-CAFD-4AD4-B1F9-912866CBCAD7}.Release|Any CPU.ActiveCfg = Release|Any CPU
		{B4F1C45E-CAFD-4AD4-B1F9-912866CBCAD7}.Release|Any CPU.Build.0 = Release|Any CPU
	EndGlobalSection
	GlobalSection(SolutionProperties) = preSolution
		HideSolutionNode = FALSE
	EndGlobalSection
	GlobalSection(ExtensibilityGlobals) = postSolution
		SolutionGuid = {029F751A-DFA9-4719-A79E-1023177F8DE8}
	EndGlobalSection
EndGlobal
