
Microsoft Visual Studio Solution File, Format Version 12.00
# Visual Studio Version 17
VisualStudioVersion = 17.10.34916.146
MinimumVisualStudioVersion = 10.0.40219.1
Project("{FAE04EC0-301F-11D3-BF4B-00C04F79EFBC}") = "csr-windows.Client", "csr-windows.Client\csr-windows.Client.csproj", "{BC8D78BA-B39C-4F5A-B012-B9F7231B33A4}"
EndProject
Project("{FAE04EC0-301F-11D3-BF4B-00C04F79EFBC}") = "csr-windows.Resources", "csr-windows.Resources\csr-windows.Resources.csproj", "{764A7B2E-CF4C-4796-91B4-30E6A2A6ADC8}"
EndProject
Project("{FAE04EC0-301F-11D3-BF4B-00C04F79EFBC}") = "csr-windows.Domain", "csr-windows.Domain\csr-windows.Domain.csproj", "{B4F1C45E-CAFD-4AD4-B1F9-912866CBCAD7}"
EndProject
Project("{FAE04EC0-301F-11D3-BF4B-00C04F79EFBC}") = "csr-windows.Common", "csr-windows.Common\csr-windows.Common.csproj", "{DB753687-F9F5-4B14-88E3-08F2FFCA8489}"
EndProject
Project("{FAE04EC0-301F-11D3-BF4B-00C04F79EFBC}") = "csr-windows.Core", "csr-windows.Core\csr-windows.Core.csproj", "{4EB62226-78C2-4B84-9A9F-2848A7A91F3F}"
EndProject
Project("{FAE04EC0-301F-11D3-BF4B-00C04F79EFBC}") = "csr-windows.Install", "csr-windows.Install\csr-windows.Install.csproj", "{D489EF27-FA95-4165-ACCC-AF9831F280E7}"
EndProject
Project("{FAE04EC0-301F-11D3-BF4B-00C04F79EFBC}") = "csr-windows.Uninstall", "csr-windows.Uninstall\csr-windows.Uninstall.csproj", "{01111460-1B98-4CFF-A70B-B7F04F2C11BD}"
EndProject
Global
	GlobalSection(SolutionConfigurationPlatforms) = preSolution
		Debug|Any CPU = Debug|Any CPU
		Release|Any CPU = Release|Any CPU
	EndGlobalSection
	GlobalSection(ProjectConfigurationPlatforms) = postSolution
		{BC8D78BA-B39C-4F5A-B012-B9F7231B33A4}.Debug|Any CPU.ActiveCfg = Debug|Any CPU
		{BC8D78BA-B39C-4F5A-B012-B9F7231B33A4}.Debug|Any CPU.Build.0 = Debug|Any CPU
		{BC8D78BA-B39C-4F5A-B012-B9F7231B33A4}.Release|Any CPU.ActiveCfg = Release|Any CPU
		{BC8D78BA-B39C-4F5A-B012-B9F7231B33A4}.Release|Any CPU.Build.0 = Release|Any CPU
		{764A7B2E-CF4C-4796-91B4-30E6A2A6ADC8}.Debug|Any CPU.ActiveCfg = Debug|Any CPU
		{764A7B2E-CF4C-4796-91B4-30E6A2A6ADC8}.Debug|Any CPU.Build.0 = Debug|Any CPU
		{764A7B2E-CF4C-4796-91B4-30E6A2A6ADC8}.Release|Any CPU.ActiveCfg = Release|Any CPU
		{764A7B2E-CF4C-4796-91B4-30E6A2A6ADC8}.Release|Any CPU.Build.0 = Release|Any CPU
		{B4F1C45E-CAFD-4AD4-B1F9-912866CBCAD7}.Debug|Any CPU.ActiveCfg = Debug|Any CPU
		{B4F1C45E-CAFD-4AD4-B1F9-912866CBCAD7}.Debug|Any CPU.Build.0 = Debug|Any CPU
		{B4F1C45E-CAFD-4AD4-B1F9-912866CBCAD7}.Release|Any CPU.ActiveCfg = Release|Any CPU
		{B4F1C45E-CAFD-4AD4-B1F9-912866CBCAD7}.Release|Any CPU.Build.0 = Release|Any CPU
		{DB753687-F9F5-4B14-88E3-08F2FFCA8489}.Debug|Any CPU.ActiveCfg = Debug|Any CPU
		{DB753687-F9F5-4B14-88E3-08F2FFCA8489}.Debug|Any CPU.Build.0 = Debug|Any CPU
		{DB753687-F9F5-4B14-88E3-08F2FFCA8489}.Release|Any CPU.ActiveCfg = Release|Any CPU
		{DB753687-F9F5-4B14-88E3-08F2FFCA8489}.Release|Any CPU.Build.0 = Release|Any CPU
		{4EB62226-78C2-4B84-9A9F-2848A7A91F3F}.Debug|Any CPU.ActiveCfg = Debug|Any CPU
		{4EB62226-78C2-4B84-9A9F-2848A7A91F3F}.Debug|Any CPU.Build.0 = Debug|Any CPU
		{4EB62226-78C2-4B84-9A9F-2848A7A91F3F}.Release|Any CPU.ActiveCfg = Release|Any CPU
		{4EB62226-78C2-4B84-9A9F-2848A7A91F3F}.Release|Any CPU.Build.0 = Release|Any CPU
		{D489EF27-FA95-4165-ACCC-AF9831F280E7}.Debug|Any CPU.ActiveCfg = Debug|Any CPU
		{D489EF27-FA95-4165-ACCC-AF9831F280E7}.Debug|Any CPU.Build.0 = Debug|Any CPU
		{D489EF27-FA95-4165-ACCC-AF9831F280E7}.Release|Any CPU.ActiveCfg = Release|Any CPU
		{D489EF27-FA95-4165-ACCC-AF9831F280E7}.Release|Any CPU.Build.0 = Release|Any CPU
		{01111460-1B98-4CFF-A70B-B7F04F2C11BD}.Debug|Any CPU.ActiveCfg = Debug|Any CPU
		{01111460-1B98-4CFF-A70B-B7F04F2C11BD}.Debug|Any CPU.Build.0 = Debug|Any CPU
		{01111460-1B98-4CFF-A70B-B7F04F2C11BD}.Release|Any CPU.ActiveCfg = Release|Any CPU
		{01111460-1B98-4CFF-A70B-B7F04F2C11BD}.Release|Any CPU.Build.0 = Release|Any CPU
	EndGlobalSection
	GlobalSection(SolutionProperties) = preSolution
		HideSolutionNode = FALSE
	EndGlobalSection
	GlobalSection(ExtensibilityGlobals) = postSolution
		SolutionGuid = {029F751A-DFA9-4719-A79E-1023177F8DE8}
	EndGlobalSection
EndGlobal
